{
  "name": "duplycato",
  "version": "0.1.0",
  "lockfileVersion": 2,
  "requires": true,
  "packages": {
    "": {
      "name": "duplycato",
      "version": "0.1.0",
      "dependencies": {
        "servor": "^4.0.2"
      },
      "devDependencies": {
        "@tauri-apps/cli": "^1.1.0"
      }
    },
    "node_modules/@tauri-apps/cli": {
      "version": "1.2.1",
      "resolved": "https://registry.npmjs.org/@tauri-apps/cli/-/cli-1.2.1.tgz",
      "integrity": "sha512-JrFFT1/4V+AGSRjKdgszZwOr+/a1519LDhNxBkbsIg6D/kFK+3kk1qImaQBY9DvvIWK6IV4whc8OAkgxm+Sl3w==",
      "dev": true,
      "bin": {
        "tauri": "tauri.js"
      },
      "engines": {
        "node": ">= 10"
      },
      "funding": {
        "type": "opencollective",
        "url": "https://opencollective.com/tauri"
      },
      "optionalDependencies": {
        "@tauri-apps/cli-darwin-arm64": "1.2.1",
        "@tauri-apps/cli-darwin-x64": "1.2.1",
        "@tauri-apps/cli-linux-arm-gnueabihf": "1.2.1",
        "@tauri-apps/cli-linux-arm64-gnu": "1.2.1",
        "@tauri-apps/cli-linux-arm64-musl": "1.2.1",
        "@tauri-apps/cli-linux-x64-gnu": "1.2.1",
        "@tauri-apps/cli-linux-x64-musl": "1.2.1",
        "@tauri-apps/cli-win32-ia32-msvc": "1.2.1",
        "@tauri-apps/cli-win32-x64-msvc": "1.2.1"
      }
    },
    "node_modules/@tauri-apps/cli-win32-x64-msvc": {
      "version": "1.2.1",
      "resolved": "https://registry.npmjs.org/@tauri-apps/cli-win32-x64-msvc/-/cli-win32-x64-msvc-1.2.1.tgz",
      "integrity": "sha512-ceWiQkmNNRrnfgbLMnndT4QF1IyLK7aOJsMqS/HueshAwmVQWnC1DUE0C58Taetgq38Cavc4gGnZOCHuH6ZuTw==",
      "cpu": [
        "x64"
      ],
      "dev": true,
      "optional": true,
      "os": [
        "win32"
      ],
      "engines": {
        "node": ">= 10"
      }
    },
    "node_modules/servor": {
      "version": "4.0.2",
      "resolved": "https://registry.npmjs.org/servor/-/servor-4.0.2.tgz",
      "integrity": "sha512-MlmQ5Ntv4jDYUN060x/KEmN7emvIqKMZ9OkM+nY8Bf2+KkyLmGsTqWLyAN2cZr5oESAcH00UanUyyrlS1LRjFw==",
      "bin": {
        "servor": "cli.js"
      }
    }
  },
  "dependencies": {
    "@tauri-apps/cli": {
      "version": "1.2.1",
      "resolved": "https://registry.npmjs.org/@tauri-apps/cli/-/cli-1.2.1.tgz",
      "integrity": "sha512-JrFFT1/4V+AGSRjKdgszZwOr+/a1519LDhNxBkbsIg6D/kFK+3kk1qImaQBY9DvvIWK6IV4whc8OAkgxm+Sl3w==",
      "dev": true,
      "requires": {
        "@tauri-apps/cli-darwin-arm64": "1.2.1",
        "@tauri-apps/cli-darwin-x64": "1.2.1",
        "@tauri-apps/cli-linux-arm-gnueabihf": "1.2.1",
        "@tauri-apps/cli-linux-arm64-gnu": "1.2.1",
        "@tauri-apps/cli-linux-arm64-musl": "1.2.1",
        "@tauri-apps/cli-linux-x64-gnu": "1.2.1",
        "@tauri-apps/cli-linux-x64-musl": "1.2.1",
        "@tauri-apps/cli-win32-ia32-msvc": "1.2.1",
        "@tauri-apps/cli-win32-x64-msvc": "1.2.1"
      }
    },
    "@tauri-apps/cli-win32-x64-msvc": {
      "version": "1.2.1",
      "resolved": "https://registry.npmjs.org/@tauri-apps/cli-win32-x64-msvc/-/cli-win32-x64-msvc-1.2.1.tgz",
      "integrity": "sha512-ceWiQkmNNRrnfgbLMnndT4QF1IyLK7aOJsMqS/HueshAwmVQWnC1DUE0C58Taetgq38Cavc4gGnZOCHuH6ZuTw==",
      "dev": true,
      "optional": true
    },
    "servor": {
      "version": "4.0.2",
      "resolved": "https://registry.npmjs.org/servor/-/servor-4.0.2.tgz",
      "integrity": "sha512-MlmQ5Ntv4jDYUN060x/KEmN7emvIqKMZ9OkM+nY8Bf2+KkyLmGsTqWLyAN2cZr5oESAcH00UanUyyrlS1LRjFw=="
    }
  }
}
